
Microsoft Visual Studio Solution File, Format Version 12.00
# Visual Studio 15
VisualStudioVersion = 15.0.27703.2042
MinimumVisualStudioVersion = 10.0.40219.1
Project("{FAE04EC0-301F-11D3-BF4B-00C04F79EFBC}") = "CIMS", "CIMS\CIMS.csproj", "{469D6537-BD36-4165-90F9-1EC5571BF1C7}"
EndProject
Project("{E53339B2-1760-4266-BCC7-CA923CBCF16C}") = "docker-compose", "docker-compose.dcproj", "{AD60BD81-64E5-4E1F-A72B-6E70BFC3D1E8}"
EndProject
Global
	GlobalSection(SolutionConfigurationPlatforms) = preSolution
		Debug|Any CPU = Debug|Any CPU
		Release|Any CPU = Release|Any CPU
	EndGlobalSection
	GlobalSection(ProjectConfigurationPlatforms) = postSolution
		{469D6537-BD36-4165-90F9-1EC5571BF1C7}.Debug|Any CPU.ActiveCfg = Debug|Any CPU
		{469D6537-BD36-4165-90F9-1EC5571BF1C7}.Debug|Any CPU.Build.0 = Debug|Any CPU
		{469D6537-BD36-4165-90F9-1EC5571BF1C7}.Release|Any CPU.ActiveCfg = Release|Any CPU
		{469D6537-BD36-4165-90F9-1EC5571BF1C7}.Release|Any CPU.Build.0 = Release|Any CPU
		{AD60BD81-64E5-4E1F-A72B-6E70BFC3D1E8}.Debug|Any CPU.ActiveCfg = Debug|Any CPU
		{AD60BD81-64E5-4E1F-A72B-6E70BFC3D1E8}.Debug|Any CPU.Build.0 = Debug|Any CPU
		{AD60BD81-64E5-4E1F-A72B-6E70BFC3D1E8}.Release|Any CPU.ActiveCfg = Release|Any CPU
		{AD60BD81-64E5-4E1F-A72B-6E70BFC3D1E8}.Release|Any CPU.Build.0 = Release|Any CPU
	EndGlobalSection
	GlobalSection(SolutionProperties) = preSolution
		HideSolutionNode = FALSE
	EndGlobalSection
	GlobalSection(ExtensibilityGlobals) = postSolution
		SolutionGuid = {C64DE2A7-DD22-4337-B97C-8FC003095056}
	EndGlobalSection
EndGlobal
